// !$*UTF8*$!
{
	archiveVersion = 1;
	classes = {
	};
	objectVersion = 48;
	objects = {

/* Begin PBXBuildFile section */
		464DED40206A53FE00D667FD /* AppDelegate.m in Sources */ = {isa = PBXBuildFile; fileRef = 464DED3F206A53FE00D667FD /* AppDelegate.m */; };
		464DED43206A53FE00D667FD /* ViewController.m in Sources */ = {isa = PBXBuildFile; fileRef = 464DED42206A53FE00D667FD /* ViewController.m */; };
		464DED46206A53FE00D667FD /* Main.storyboard in Resources */ = {isa = PBXBuildFile; fileRef = 464DED44206A53FE00D667FD /* Main.storyboard */; };
		464DED48206A53FE00D667FD /* Assets.xcassets in Resources */ = {isa = PBXBuildFile; fileRef = 464DED47206A53FE00D667FD /* Assets.xcassets */; };
		464DED4B206A53FE00D667FD /* LaunchScreen.storyboard in Resources */ = {isa = PBXBuildFile; fileRef = 464DED49206A53FE00D667FD /* LaunchScreen.storyboard */; };
		464DED4E206A53FE00D667FD /* main.m in Sources */ = {isa = PBXBuildFile; fileRef = 464DED4D206A53FE00D667FD /* main.m */; };
/* End PBXBuildFile section */

/* Begin PBXFileReference section */
		464DED3B206A53FE00D667FD /* RogTest.app */ = {isa = PBXFileReference; explicitFileType = wrapper.application; includeInIndex = 0; path = RogTest.app; sourceTree = BUILT_PRODUCTS_DIR; };
		464DED3E206A53FE00D667FD /* AppDelegate.h */ = {isa = PBXFileReference; lastKnownFileType = sourcecode.c.h; path = AppDelegate.h; sourceTree = "<group>"; };
		464DED3F206A53FE00D667FD /* AppDelegate.m */ = {isa = PBXFileReference; lastKnownFileType = sourcecode.c.objc; path = AppDelegate.m; sourceTree = "<group>"; };
		464DED41206A53FE00D667FD /* ViewController.h */ = {isa = PBXFileReference; lastKnownFileType = sourcecode.c.h; path = ViewController.h; sourceTree = "<group>"; };
		464DED42206A53FE00D667FD /* ViewController.m */ = {isa = PBXFileReference; lastKnownFileType = sourcecode.c.objc; path = ViewController.m; sourceTree = "<group>"; };
		464DED45206A53FE00D667FD /* Base */ = {isa = PBXFileReference; lastKnownFileType = file.storyboard; name = Base; path = Base.lproj/Main.storyboard; sourceTree = "<group>"; };
		464DED47206A53FE00D667FD /* Assets.xcassets */ = {isa = PBXFileReference; lastKnownFileType = folder.assetcatalog; path = Assets.xcassets; sourceTree = "<group>"; };
		464DED4A206A53FE00D667FD /* Base */ = {isa = PBXFileReference; lastKnownFileType = file.storyboard; name = Base; path = Base.lproj/LaunchScreen.storyboard; sourceTree = "<group>"; };
		464DED4C206A53FE00D667FD /* Info.plist */ = {isa = PBXFileReference; lastKnownFileType = text.plist.xml; path = Info.plist; sourceTree = "<group>"; };
		464DED4D206A53FE00D667FD /* main.m */ = {isa = PBXFileReference; lastKnownFileType = sourcecode.c.objc; path = main.m; sourceTree = "<group>"; };
/* End PBXFileReference section */

/* Begin PBXFrameworksBuildPhase section */
		464DED38206A53FE00D667FD /* Frameworks */ = {
			isa = PBXFrameworksBuildPhase;
			buildActionMask = 2147483647;
			files = (
			);
			runOnlyForDeploymentPostprocessing = 0;
		};
/* End PBXFrameworksBuildPhase section */

/* Begin PBXGroup section */
		464DED32206A53FD00D667FD = {
			isa = PBXGroup;
			children = (
				464DED3D206A53FE00D667FD /* RogTest */,
				464DED3C206A53FE00D667FD /* Products */,
			);
			sourceTree = "<group>";
		};
		464DED3C206A53FE00D667FD /* Products */ = {
			isa = PBXGroup;
			children = (
				464DED3B206A53FE00D667FD /* RogTest.app */,
			);
			name = Products;
			sourceTree = "<group>";
		};
		464DED3D206A53FE00D667FD /* RogTest */ = {
			isa = PBXGroup;
			children = (
				464DED3E206A53FE00D667FD /* AppDelegate.h */,
				464DED3F206A53FE00D667FD /* AppDelegate.m */,
				464DED41206A53FE00D667FD /* ViewController.h */,
				464DED42206A53FE00D667FD /* ViewController.m */,
				464DED44206A53FE00D667FD /* Main.storyboard */,
				464DED47206A53FE00D667FD /* Assets.xcassets */,
				464DED49206A53FE00D667FD /* LaunchScreen.storyboard */,
				464DED4C206A53FE00D667FD /* Info.plist */,
				464DED4D206A53FE00D667FD /* main.m */,
			);
			path = RogTest;
			sourceTree = "<group>";
		};
/* End PBXGroup section */

/* Begin PBXNativeTarget section */
		464DED3A206A53FE00D667FD /* RogTest */ = {
			isa = PBXNativeTarget;
			buildConfigurationList = 464DED51206A53FE00D667FD /* Build configuration list for PBXNativeTarget "RogTest" */;
			buildPhases = (
				464DED37206A53FE00D667FD /* Sources */,
				464DED38206A53FE00D667FD /* Frameworks */,
				464DED39206A53FE00D667FD /* Resources */,
			);
			buildRules = (
			);
			dependencies = (
			);
			name = RogTest;
			productName = RogTest;
			productReference = 464DED3B206A53FE00D667FD /* RogTest.app */;
			productType = "com.apple.product-type.application";
		};
/* End PBXNativeTarget section */

/* Begin PBXProject section */
		464DED33206A53FD00D667FD /* Project object */ = {
			isa = PBXProject;
			attributes = {
				LastUpgradeCheck = 0920;
				ORGANIZATIONNAME = "Mac Admin";
				TargetAttributes = {
					464DED3A206A53FE00D667FD = {
						CreatedOnToolsVersion = 9.2;
						ProvisioningStyle = Automatic;
					};
				};
			};
			buildConfigurationList = 464DED36206A53FD00D667FD /* Build configuration list for PBXProject "RogTest" */;
			compatibilityVersion = "Xcode 8.0";
			developmentRegion = en;
			hasScannedForEncodings = 0;
			knownRegions = (
				en,
				Base,
			);
			mainGroup = 464DED32206A53FD00D667FD;
			productRefGroup = 464DED3C206A53FE00D667FD /* Products */;
			projectDirPath = "";
			projectRoot = "";
			targets = (
				464DED3A206A53FE00D667FD /* RogTest */,
			);
		};
/* End PBXProject section */

/* Begin PBXResourcesBuildPhase section */
		464DED39206A53FE00D667FD /* Resources */ = {
			isa = PBXResourcesBuildPhase;
			buildActionMask = 2147483647;
			files = (
				464DED4B206A53FE00D667FD /* LaunchScreen.storyboard in Resources */,
				464DED48206A53FE00D667FD /* Assets.xcassets in Resources */,
				464DED46206A53FE00D667FD /* Main.storyboard in Resources */,
			);
			runOnlyForDeploymentPostprocessing = 0;
		};
/* End PBXResourcesBuildPhase section */

/* Begin PBXSourcesBuildPhase section */
		464DED37206A53FE00D667FD /* Sources */ = {
			isa = PBXSourcesBuildPhase;
			buildActionMask = 2147483647;
			files = (
				464DED43206A53FE00D667FD /* ViewController.m in Sources */,
				464DED4E206A53FE00D667FD /* main.m in Sources */,
				464DED40206A53FE00D667FD /* AppDelegate.m in Sources */,
			);
			runOnlyForDeploymentPostprocessing = 0;
		};
/* End PBXSourcesBuildPhase section */

/* Begin PBXVariantGroup section */
		464DED44206A53FE00D667FD /* Main.storyboard */ = {
			isa = PBXVariantGroup;
			children = (
				464DED45206A53FE00D667FD /* Base */,
			);
			name = Main.storyboard;
			sourceTree = "<group>";
		};
		464DED49206A53FE00D667FD /* LaunchScreen.storyboard */ = {
			isa = PBXVariantGroup;
			children = (
				464DED4A206A53FE00D667FD /* Base */,
			);
			name = LaunchScreen.storyboard;
			sourceTree = "<group>";
		};
/* End PBXVariantGroup section */

/* Begin XCBuildConfiguration section */
		464DED4F206A53FE00D667FD /* Debug */ = {
			isa = XCBuildConfiguration;
			buildSettings = {
				ALWAYS_SEARCH_USER_PATHS = NO;
				CLANG_ANALYZER_NONNULL = YES;
				CLANG_ANALYZER_NUMBER_OBJECT_CONVERSION = YES_AGGRESSIVE;
				CLANG_CXX_LANGUAGE_STANDARD = "gnu++14";
				CLANG_CXX_LIBRARY = "libc++";
				CLANG_ENABLE_MODULES = YES;
				CLANG_ENABLE_OBJC_ARC = YES;
				CLANG_WARN_BLOCK_CAPTURE_AUTORELEASING = YES;
				CLANG_WARN_BOOL_CONVERSION = YES;
				CLANG_WARN_COMMA = YES;
				CLANG_WARN_CONSTANT_CONVERSION = YES;
				CLANG_WARN_DIRECT_OBJC_ISA_USAGE = YES_ERROR;
				CLANG_WARN_DOCUMENTATION_COMMENTS = YES;
				CLANG_WARN_EMPTY_BODY = YES;
				CLANG_WARN_ENUM_CONVERSION = YES;
				CLANG_WARN_INFINITE_RECURSION = YES;
				CLANG_WARN_INT_CONVERSION = YES;
				CLANG_WARN_NON_LITERAL_NULL_CONVERSION = YES;
				CLANG_WARN_OBJC_LITERAL_CONVERSION = YES;
				CLANG_WARN_OBJC_ROOT_CLASS = YES_ERROR;
				CLANG_WARN_RANGE_LOOP_ANALYSIS = YES;
				CLANG_WARN_STRICT_PROTOTYPES = YES;
				CLANG_WARN_SUSPICIOUS_MOVE = YES;
				CLANG_WARN_UNGUARDED_AVAILABILITY = YES_AGGRESSIVE;
				CLANG_WARN_UNREACHABLE_CODE = YES;
				CLANG_WARN__DUPLICATE_METHOD_MATCH = YES;
				CODE_SIGN_IDENTITY = "iPhone Developer";
				COPY_PHASE_STRIP = NO;
				DEBUG_INFORMATION_FORMAT = dwarf;
				ENABLE_STRICT_OBJC_MSGSEND = YES;
				ENABLE_TESTABILITY = YES;
				GCC_C_LANGUAGE_STANDARD = gnu11;
				GCC_DYNAMIC_NO_PIC = NO;
				GCC_NO_COMMON_BLOCKS = YES;
				GCC_OPTIMIZATION_LEVEL = 0;
				GCC_PREPROCESSOR_DEFINITIONS = (
					"DEBUG=1",
					"$(inherited)",
				);
				GCC_WARN_64_TO_32_BIT_CONVERSION = YES;
				GCC_WARN_ABOUT_RETURN_TYPE = YES_ERROR;
				GCC_WARN_UNDECLARED_SELECTOR = YES;
				GCC_WARN_UNINITIALIZED_AUTOS = YES_AGGRESSIVE;
				GCC_WARN_UNUSED_FUNCTION = YES;
				GCC_WARN_UNUSED_VARIABLE = YES;
				IPHONEOS_DEPLOYMENT_TARGET = 11.2;
				MTL_ENABLE_DEBUG_INFO = YES;
				ONLY_ACTIVE_ARCH = YES;
				SDKROOT = iphoneos;
			};
			name = Debug;
		};
		464DED50206A53FE00D667FD /* Release */ = {
			isa = XCBuildConfiguration;
			buildSettings = {
				ALWAYS_SEARCH_USER_PATHS = NO;
				CLANG_ANALYZER_NONNULL = YES;
				CLANG_ANALYZER_NUMBER_OBJECT_CONVERSION = YES_AGGRESSIVE;
				CLANG_CXX_LANGUAGE_STANDARD = "gnu++14";
				CLANG_CXX_LIBRARY = "libc++";
				CLANG_ENABLE_MODULES = YES;
				CLANG_ENABLE_OBJC_ARC = YES;
				CLANG_WARN_BLOCK_CAPTURE_AUTORELEASING = YES;
				CLANG_WARN_BOOL_CONVERSION = YES;
				CLANG_WARN_COMMA = YES;
				CLANG_WARN_CONSTANT_CONVERSION = YES;
				CLANG_WARN_DIRECT_OBJC_ISA_USAGE = YES_ERROR;
				CLANG_WARN_DOCUMENTATION_COMMENTS = YES;
				CLANG_WARN_EMPTY_BODY = YES;
				CLANG_WARN_ENUM_CONVERSION = YES;
				CLANG_WARN_INFINITE_RECURSION = YES;
				CLANG_WARN_INT_CONVERSION = YES;
				CLANG_WARN_NON_LITERAL_NULL_CONVERSION = YES;
				CLANG_WARN_OBJC_LITERAL_CONVERSION = YES;
				CLANG_WARN_OBJC_ROOT_CLASS = YES_ERROR;
				CLANG_WARN_RANGE_LOOP_ANALYSIS = YES;
				CLANG_WARN_STRICT_PROTOTYPES = YES;
				CLANG_WARN_SUSPICIOUS_MOVE = YES;
				CLANG_WARN_UNGUARDED_AVAILABILITY = YES_AGGRESSIVE;
				CLANG_WARN_UNREACHABLE_CODE = YES;
				CLANG_WARN__DUPLICATE_METHOD_MATCH = YES;
				CODE_SIGN_IDENTITY = "iPhone Developer";
				COPY_PHASE_STRIP = NO;
				DEBUG_INFORMATION_FORMAT = "dwarf-with-dsym";
				ENABLE_NS_ASSERTIONS = NO;
				ENABLE_STRICT_OBJC_MSGSEND = YES;
				GCC_C_LANGUAGE_STANDARD = gnu11;
				GCC_NO_COMMON_BLOCKS = YES;
				GCC_WARN_64_TO_32_BIT_CONVERSION = YES;
				GCC_WARN_ABOUT_RETURN_TYPE = YES_ERROR;
				GCC_WARN_UNDECLARED_SELECTOR = YES;
				GCC_WARN_UNINITIALIZED_AUTOS = YES_AGGRESSIVE;
				GCC_WARN_UNUSED_FUNCTION = YES;
				GCC_WARN_UNUSED_VARIABLE = YES;
				IPHONEOS_DEPLOYMENT_TARGET = 11.2;
				MTL_ENABLE_DEBUG_INFO = NO;
				SDKROOT = iphoneos;
				VALIDATE_PRODUCT = YES;
			};
			name = Release;
		};
		464DED52206A53FE00D667FD /* Debug */ = {
			isa = XCBuildConfiguration;
			buildSettings = {
				ASSETCATALOG_COMPILER_APPICON_NAME = AppIcon;
				CODE_SIGN_STYLE = Automatic;
				INFOPLIST_FILE = RogTest/Info.plist;
				LD_RUNPATH_SEARCH_PATHS = "$(inherited) @executable_path/Frameworks";
				PRODUCT_BUNDLE_IDENTIFIER = me.RogTest;
				PRODUCT_NAME = "$(TARGET_NAME)";
				TARGETED_DEVICE_FAMILY = "1,2";
			};
			name = Debug;
		};
		464DED53206A53FE00D667FD /* Release */ = {
			isa = XCBuildConfiguration;
			buildSettings = {
				ASSETCATALOG_COMPILER_APPICON_NAME = AppIcon;
				CODE_SIGN_STYLE = Automatic;
				INFOPLIST_FILE = RogTest/Info.plist;
				LD_RUNPATH_SEARCH_PATHS = "$(inherited) @executable_path/Frameworks";
				PRODUCT_BUNDLE_IDENTIFIER = me.RogTest;
				PRODUCT_NAME = "$(TARGET_NAME)";
				TARGETED_DEVICE_FAMILY = "1,2";
			};
			name = Release;
		};
/* End XCBuildConfiguration section */

/* Begin XCConfigurationList section */
		464DED36206A53FD00D667FD /* Build configuration list for PBXProject "RogTest" */ = {
			isa = XCConfigurationList;
			buildConfigurations = (
				464DED4F206A53FE00D667FD /* Debug */,
				464DED50206A53FE00D667FD /* Release */,
			);
			defaultConfigurationIsVisible = 0;
			defaultConfigurationName = Release;
		};
		464DED51206A53FE00D667FD /* Build configuration list for PBXNativeTarget "RogTest" */ = {
			isa = XCConfigurationList;
			buildConfigurations = (
				464DED52206A53FE00D667FD /* Debug */,
				464DED53206A53FE00D667FD /* Release */,
			);
			defaultConfigurationIsVisible = 0;
			defaultConfigurationName = Release;
		};
/* End XCConfigurationList section */
	};
	rootObject = 464DED33206A53FD00D667FD /* Project object */;
}
